// !$*UTF8*$!
{
	archiveVersion = 1;
	classes = {
	};
	objectVersion = 50;
	objects = {

/* Begin PBXBuildFile section */
		8F891FC723B9301C0012C6A3 /* AppDelegate.swift in Sources */ = {isa = PBXBuildFile; fileRef = 8F891FC623B9301C0012C6A3 /* AppDelegate.swift */; };
		8F891FC923B9301C0012C6A3 /* SceneDelegate.swift in Sources */ = {isa = PBXBuildFile; fileRef = 8F891FC823B9301C0012C6A3 /* SceneDelegate.swift */; };
		8F891FCB23B9301C0012C6A3 /* ContentView.swift in Sources */ = {isa = PBXBuildFile; fileRef = 8F891FCA23B9301C0012C6A3 /* ContentView.swift */; };
		8F891FCD23B930210012C6A3 /* Assets.xcassets in Resources */ = {isa = PBXBuildFile; fileRef = 8F891FCC23B930210012C6A3 /* Assets.xcassets */; };
		8F891FD023B930210012C6A3 /* Preview Assets.xcassets in Resources */ = {isa = PBXBuildFile; fileRef = 8F891FCF23B930210012C6A3 /* Preview Assets.xcassets */; };
		8F891FD323B930210012C6A3 /* LaunchScreen.storyboard in Resources */ = {isa = PBXBuildFile; fileRef = 8F891FD123B930210012C6A3 /* LaunchScreen.storyboard */; };
		8F891FDB23BA80080012C6A3 /* DrawingClassifierModel.mlmodel in Sources */ = {isa = PBXBuildFile; fileRef = 8F891FDA23BA80080012C6A3 /* DrawingClassifierModel.mlmodel */; };
		8F891FDD23BA803B0012C6A3 /* Image.swift in Sources */ = {isa = PBXBuildFile; fileRef = 8F891FDC23BA803B0012C6A3 /* Image.swift */; };
		8F891FDF23BA82E20012C6A3 /* Drawing.swift in Sources */ = {isa = PBXBuildFile; fileRef = 8F891FDE23BA82E20012C6A3 /* Drawing.swift */; };
		8F891FE123BA88C70012C6A3 /* Views.swift in Sources */ = {isa = PBXBuildFile; fileRef = 8F891FE023BA88C70012C6A3 /* Views.swift */; };
/* End PBXBuildFile section */

/* Begin PBXFileReference section */
		8F891FC323B9301C0012C6A3 /* DrawingRecognition.app */ = {isa = PBXFileReference; explicitFileType = wrapper.application; includeInIndex = 0; path = DrawingRecognition.app; sourceTree = BUILT_PRODUCTS_DIR; };
		8F891FC623B9301C0012C6A3 /* AppDelegate.swift */ = {isa = PBXFileReference; lastKnownFileType = sourcecode.swift; path = AppDelegate.swift; sourceTree = "<group>"; };
		8F891FC823B9301C0012C6A3 /* SceneDelegate.swift */ = {isa = PBXFileReference; lastKnownFileType = sourcecode.swift; path = SceneDelegate.swift; sourceTree = "<group>"; };
		8F891FCA23B9301C0012C6A3 /* ContentView.swift */ = {isa = PBXFileReference; lastKnownFileType = sourcecode.swift; path = ContentView.swift; sourceTree = "<group>"; };
		8F891FCC23B930210012C6A3 /* Assets.xcassets */ = {isa = PBXFileReference; lastKnownFileType = folder.assetcatalog; path = Assets.xcassets; sourceTree = "<group>"; };
		8F891FCF23B930210012C6A3 /* Preview Assets.xcassets */ = {isa = PBXFileReference; lastKnownFileType = folder.assetcatalog; path = "Preview Assets.xcassets"; sourceTree = "<group>"; };
		8F891FD223B930210012C6A3 /* Base */ = {isa = PBXFileReference; lastKnownFileType = file.storyboard; name = Base; path = Base.lproj/LaunchScreen.storyboard; sourceTree = "<group>"; };
		8F891FD423B930210012C6A3 /* Info.plist */ = {isa = PBXFileReference; lastKnownFileType = text.plist.xml; path = Info.plist; sourceTree = "<group>"; };
		8F891FDA23BA80080012C6A3 /* DrawingClassifierModel.mlmodel */ = {isa = PBXFileReference; lastKnownFileType = file.mlmodel; path = DrawingClassifierModel.mlmodel; sourceTree = "<group>"; };
		8F891FDC23BA803B0012C6A3 /* Image.swift */ = {isa = PBXFileReference; lastKnownFileType = sourcecode.swift; path = Image.swift; sourceTree = "<group>"; };
		8F891FDE23BA82E20012C6A3 /* Drawing.swift */ = {isa = PBXFileReference; lastKnownFileType = sourcecode.swift; path = Drawing.swift; sourceTree = "<group>"; };
		8F891FE023BA88C70012C6A3 /* Views.swift */ = {isa = PBXFileReference; lastKnownFileType = sourcecode.swift; path = Views.swift; sourceTree = "<group>"; };
/* End PBXFileReference section */

/* Begin PBXFrameworksBuildPhase section */
		8F891FC023B9301C0012C6A3 /* Frameworks */ = {
			isa = PBXFrameworksBuildPhase;
			buildActionMask = 2147483647;
			files = (
			);
			runOnlyForDeploymentPostprocessing = 0;
		};
/* End PBXFrameworksBuildPhase section */

/* Begin PBXGroup section */
		8F891FBA23B9301C0012C6A3 = {
			isa = PBXGroup;
			children = (
				8F891FC523B9301C0012C6A3 /* DrawingRecognition */,
				8F891FC423B9301C0012C6A3 /* Products */,
			);
			sourceTree = "<group>";
		};
		8F891FC423B9301C0012C6A3 /* Products */ = {
			isa = PBXGroup;
			children = (
				8F891FC323B9301C0012C6A3 /* DrawingRecognition.app */,
			);
			name = Products;
			sourceTree = "<group>";
		};
		8F891FC523B9301C0012C6A3 /* DrawingRecognition */ = {
			isa = PBXGroup;
			children = (
				8F891FC623B9301C0012C6A3 /* AppDelegate.swift */,
				8F891FC823B9301C0012C6A3 /* SceneDelegate.swift */,
				8F891FCA23B9301C0012C6A3 /* ContentView.swift */,
				8F891FCC23B930210012C6A3 /* Assets.xcassets */,
				8F891FD123B930210012C6A3 /* LaunchScreen.storyboard */,
				8F891FDA23BA80080012C6A3 /* DrawingClassifierModel.mlmodel */,
				8F891FD423B930210012C6A3 /* Info.plist */,
				8F891FCE23B930210012C6A3 /* Preview Content */,
				8F891FDC23BA803B0012C6A3 /* Image.swift */,
				8F891FDE23BA82E20012C6A3 /* Drawing.swift */,
				8F891FE023BA88C70012C6A3 /* Views.swift */,
			);
			path = DrawingRecognition;
			sourceTree = "<group>";
		};
		8F891FCE23B930210012C6A3 /* Preview Content */ = {
			isa = PBXGroup;
			children = (
				8F891FCF23B930210012C6A3 /* Preview Assets.xcassets */,
			);
			path = "Preview Content";
			sourceTree = "<group>";
		};
/* End PBXGroup section */

/* Begin PBXNativeTarget section */
		8F891FC223B9301C0012C6A3 /* DrawingRecognition */ = {
			isa = PBXNativeTarget;
			buildConfigurationList = 8F891FD723B930210012C6A3 /* Build configuration list for PBXNativeTarget "DrawingRecognition" */;
			buildPhases = (
				8F891FBF23B9301C0012C6A3 /* Sources */,
				8F891FC023B9301C0012C6A3 /* Frameworks */,
				8F891FC123B9301C0012C6A3 /* Resources */,
			);
			buildRules = (
			);
			dependencies = (
			);
			name = DrawingRecognition;
			productName = DrawingRecognition;
			productReference = 8F891FC323B9301C0012C6A3 /* DrawingRecognition.app */;
			productType = "com.apple.product-type.application";
		};
/* End PBXNativeTarget section */

/* Begin PBXProject section */
		8F891FBB23B9301C0012C6A3 /* Project object */ = {
			isa = PBXProject;
			attributes = {
				LastSwiftUpdateCheck = 1120;
				LastUpgradeCheck = 1120;
				ORGANIZATIONNAME = "John Naylor";
				TargetAttributes = {
					8F891FC223B9301C0012C6A3 = {
						CreatedOnToolsVersion = 11.2.1;
					};
				};
			};
			buildConfigurationList = 8F891FBE23B9301C0012C6A3 /* Build configuration list for PBXProject "DrawingRecognition" */;
			compatibilityVersion = "Xcode 9.3";
			developmentRegion = en;
			hasScannedForEncodings = 0;
			knownRegions = (
				en,
				Base,
			);
			mainGroup = 8F891FBA23B9301C0012C6A3;
			productRefGroup = 8F891FC423B9301C0012C6A3 /* Products */;
			projectDirPath = "";
			projectRoot = "";
			targets = (
				8F891FC223B9301C0012C6A3 /* DrawingRecognition */,
			);
		};
/* End PBXProject section */

/* Begin PBXResourcesBuildPhase section */
		8F891FC123B9301C0012C6A3 /* Resources */ = {
			isa = PBXResourcesBuildPhase;
			buildActionMask = 2147483647;
			files = (
				8F891FD323B930210012C6A3 /* LaunchScreen.storyboard in Resources */,
				8F891FD023B930210012C6A3 /* Preview Assets.xcassets in Resources */,
				8F891FCD23B930210012C6A3 /* Assets.xcassets in Resources */,
			);
			runOnlyForDeploymentPostprocessing = 0;
		};
/* End PBXResourcesBuildPhase section */

/* Begin PBXSourcesBuildPhase section */
		8F891FBF23B9301C0012C6A3 /* Sources */ = {
			isa = PBXSourcesBuildPhase;
			buildActionMask = 2147483647;
			files = (
				8F891FDB23BA80080012C6A3 /* DrawingClassifierModel.mlmodel in Sources */,
				8F891FC723B9301C0012C6A3 /* AppDelegate.swift in Sources */,
				8F891FDF23BA82E20012C6A3 /* Drawing.swift in Sources */,
				8F891FE123BA88C70012C6A3 /* Views.swift in Sources */,
				8F891FC923B9301C0012C6A3 /* SceneDelegate.swift in Sources */,
				8F891FCB23B9301C0012C6A3 /* ContentView.swift in Sources */,
				8F891FDD23BA803B0012C6A3 /* Image.swift in Sources */,
			);
			runOnlyForDeploymentPostprocessing = 0;
		};
/* End PBXSourcesBuildPhase section */

/* Begin PBXVariantGroup section */
		8F891FD123B930210012C6A3 /* LaunchScreen.storyboard */ = {
			isa = PBXVariantGroup;
			children = (
				8F891FD223B930210012C6A3 /* Base */,
			);
			name = LaunchScreen.storyboard;
			sourceTree = "<group>";
		};
/* End PBXVariantGroup section */

/* Begin XCBuildConfiguration section */
		8F891FD523B930210012C6A3 /* Debug */ = {
			isa = XCBuildConfiguration;
			buildSettings = {
				ALWAYS_SEARCH_USER_PATHS = NO;
				CLANG_ANALYZER_NONNULL = YES;
				CLANG_ANALYZER_NUMBER_OBJECT_CONVERSION = YES_AGGRESSIVE;
				CLANG_CXX_LANGUAGE_STANDARD = "gnu++14";
				CLANG_CXX_LIBRARY = "libc++";
				CLANG_ENABLE_MODULES = YES;
				CLANG_ENABLE_OBJC_ARC = YES;
				CLANG_ENABLE_OBJC_WEAK = YES;
				CLANG_WARN_BLOCK_CAPTURE_AUTORELEASING = YES;
				CLANG_WARN_BOOL_CONVERSION = YES;
				CLANG_WARN_COMMA = YES;
				CLANG_WARN_CONSTANT_CONVERSION = YES;
				CLANG_WARN_DEPRECATED_OBJC_IMPLEMENTATIONS = YES;
				CLANG_WARN_DIRECT_OBJC_ISA_USAGE = YES_ERROR;
				CLANG_WARN_DOCUMENTATION_COMMENTS = YES;
				CLANG_WARN_EMPTY_BODY = YES;
				CLANG_WARN_ENUM_CONVERSION = YES;
				CLANG_WARN_INFINITE_RECURSION = YES;
				CLANG_WARN_INT_CONVERSION = YES;
				CLANG_WARN_NON_LITERAL_NULL_CONVERSION = YES;
				CLANG_WARN_OBJC_IMPLICIT_RETAIN_SELF = YES;
				CLANG_WARN_OBJC_LITERAL_CONVERSION = YES;
				CLANG_WARN_OBJC_ROOT_CLASS = YES_ERROR;
				CLANG_WARN_RANGE_LOOP_ANALYSIS = YES;
				CLANG_WARN_STRICT_PROTOTYPES = YES;
				CLANG_WARN_SUSPICIOUS_MOVE = YES;
				CLANG_WARN_UNGUARDED_AVAILABILITY = YES_AGGRESSIVE;
				CLANG_WARN_UNREACHABLE_CODE = YES;
				CLANG_WARN__DUPLICATE_METHOD_MATCH = YES;
				COPY_PHASE_STRIP = NO;
				DEBUG_INFORMATION_FORMAT = dwarf;
				ENABLE_STRICT_OBJC_MSGSEND = YES;
				ENABLE_TESTABILITY = YES;
				GCC_C_LANGUAGE_STANDARD = gnu11;
				GCC_DYNAMIC_NO_PIC = NO;
				GCC_NO_COMMON_BLOCKS = YES;
				GCC_OPTIMIZATION_LEVEL = 0;
				GCC_PREPROCESSOR_DEFINITIONS = (
					"DEBUG=1",
					"$(inherited)",
				);
				GCC_WARN_64_TO_32_BIT_CONVERSION = YES;
				GCC_WARN_ABOUT_RETURN_TYPE = YES_ERROR;
				GCC_WARN_UNDECLARED_SELECTOR = YES;
				GCC_WARN_UNINITIALIZED_AUTOS = YES_AGGRESSIVE;
				GCC_WARN_UNUSED_FUNCTION = YES;
				GCC_WARN_UNUSED_VARIABLE = YES;
				IPHONEOS_DEPLOYMENT_TARGET = 13.2;
				MTL_ENABLE_DEBUG_INFO = INCLUDE_SOURCE;
				MTL_FAST_MATH = YES;
				ONLY_ACTIVE_ARCH = YES;
				SDKROOT = iphoneos;
				SWIFT_ACTIVE_COMPILATION_CONDITIONS = DEBUG;
				SWIFT_OPTIMIZATION_LEVEL = "-Onone";
			};
			name = Debug;
		};
		8F891FD623B930210012C6A3 /* Release */ = {
			isa = XCBuildConfiguration;
			buildSettings = {
				ALWAYS_SEARCH_USER_PATHS = NO;
				CLANG_ANALYZER_NONNULL = YES;
				CLANG_ANALYZER_NUMBER_OBJECT_CONVERSION = YES_AGGRESSIVE;
				CLANG_CXX_LANGUAGE_STANDARD = "gnu++14";
				CLANG_CXX_LIBRARY = "libc++";
				CLANG_ENABLE_MODULES = YES;
				CLANG_ENABLE_OBJC_ARC = YES;
				CLANG_ENABLE_OBJC_WEAK = YES;
				CLANG_WARN_BLOCK_CAPTURE_AUTORELEASING = YES;
				CLANG_WARN_BOOL_CONVERSION = YES;
				CLANG_WARN_COMMA = YES;
				CLANG_WARN_CONSTANT_CONVERSION = YES;
				CLANG_WARN_DEPRECATED_OBJC_IMPLEMENTATIONS = YES;
				CLANG_WARN_DIRECT_OBJC_ISA_USAGE = YES_ERROR;
				CLANG_WARN_DOCUMENTATION_COMMENTS = YES;
				CLANG_WARN_EMPTY_BODY = YES;
				CLANG_WARN_ENUM_CONVERSION = YES;
				CLANG_WARN_INFINITE_RECURSION = YES;
				CLANG_WARN_INT_CONVERSION = YES;
				CLANG_WARN_NON_LITERAL_NULL_CONVERSION = YES;
				CLANG_WARN_OBJC_IMPLICIT_RETAIN_SELF = YES;
				CLANG_WARN_OBJC_LITERAL_CONVERSION = YES;
				CLANG_WARN_OBJC_ROOT_CLASS = YES_ERROR;
				CLANG_WARN_RANGE_LOOP_ANALYSIS = YES;
				CLANG_WARN_STRICT_PROTOTYPES = YES;
				CLANG_WARN_SUSPICIOUS_MOVE = YES;
				CLANG_WARN_UNGUARDED_AVAILABILITY = YES_AGGRESSIVE;
				CLANG_WARN_UNREACHABLE_CODE = YES;
				CLANG_WARN__DUPLICATE_METHOD_MATCH = YES;
				COPY_PHASE_STRIP = NO;
				DEBUG_INFORMATION_FORMAT = "dwarf-with-dsym";
				ENABLE_NS_ASSERTIONS = NO;
				ENABLE_STRICT_OBJC_MSGSEND = YES;
				GCC_C_LANGUAGE_STANDARD = gnu11;
				GCC_NO_COMMON_BLOCKS = YES;
				GCC_WARN_64_TO_32_BIT_CONVERSION = YES;
				GCC_WARN_ABOUT_RETURN_TYPE = YES_ERROR;
				GCC_WARN_UNDECLARED_SELECTOR = YES;
				GCC_WARN_UNINITIALIZED_AUTOS = YES_AGGRESSIVE;
				GCC_WARN_UNUSED_FUNCTION = YES;
				GCC_WARN_UNUSED_VARIABLE = YES;
				IPHONEOS_DEPLOYMENT_TARGET = 13.2;
				MTL_ENABLE_DEBUG_INFO = NO;
				MTL_FAST_MATH = YES;
				SDKROOT = iphoneos;
				SWIFT_COMPILATION_MODE = wholemodule;
				SWIFT_OPTIMIZATION_LEVEL = "-O";
				VALIDATE_PRODUCT = YES;
			};
			name = Release;
		};
		8F891FD823B930210012C6A3 /* Debug */ = {
			isa = XCBuildConfiguration;
			buildSettings = {
				ASSETCATALOG_COMPILER_APPICON_NAME = AppIcon;
				CODE_SIGN_STYLE = Automatic;
				DEVELOPMENT_ASSET_PATHS = "\"DrawingRecognition/Preview Content\"";
				DEVELOPMENT_TEAM = 9HNXYM86C6;
				ENABLE_PREVIEWS = YES;
				INFOPLIST_FILE = DrawingRecognition/Info.plist;
				LD_RUNPATH_SEARCH_PATHS = (
					"$(inherited)",
					"@executable_path/Frameworks",
				);
				PRODUCT_BUNDLE_IDENTIFIER = com.jonaylor89.DrawingRecognition;
				PRODUCT_NAME = "$(TARGET_NAME)";
				SWIFT_VERSION = 5.0;
				TARGETED_DEVICE_FAMILY = "1,2";
			};
			name = Debug;
		};
		8F891FD923B930210012C6A3 /* Release */ = {
			isa = XCBuildConfiguration;
			buildSettings = {
				ASSETCATALOG_COMPILER_APPICON_NAME = AppIcon;
				CODE_SIGN_STYLE = Automatic;
				DEVELOPMENT_ASSET_PATHS = "\"DrawingRecognition/Preview Content\"";
				DEVELOPMENT_TEAM = 9HNXYM86C6;
				ENABLE_PREVIEWS = YES;
				INFOPLIST_FILE = DrawingRecognition/Info.plist;
				LD_RUNPATH_SEARCH_PATHS = (
					"$(inherited)",
					"@executable_path/Frameworks",
				);
				PRODUCT_BUNDLE_IDENTIFIER = com.jonaylor89.DrawingRecognition;
				PRODUCT_NAME = "$(TARGET_NAME)";
				SWIFT_VERSION = 5.0;
				TARGETED_DEVICE_FAMILY = "1,2";
			};
			name = Release;
		};
/* End XCBuildConfiguration section */

/* Begin XCConfigurationList section */
		8F891FBE23B9301C0012C6A3 /* Build configuration list for PBXProject "DrawingRecognition" */ = {
			isa = XCConfigurationList;
			buildConfigurations = (
				8F891FD523B930210012C6A3 /* Debug */,
				8F891FD623B930210012C6A3 /* Release */,
			);
			defaultConfigurationIsVisible = 0;
			defaultConfigurationName = Release;
		};
		8F891FD723B930210012C6A3 /* Build configuration list for PBXNativeTarget "DrawingRecognition" */ = {
			isa = XCConfigurationList;
			buildConfigurations = (
				8F891FD823B930210012C6A3 /* Debug */,
				8F891FD923B930210012C6A3 /* Release */,
			);
			defaultConfigurationIsVisible = 0;
			defaultConfigurationName = Release;
		};
/* End XCConfigurationList section */
	};
	rootObject = 8F891FBB23B9301C0012C6A3 /* Project object */;
}
